# This file is automatically @generated by Cargo.
# It is not intended for manual editing.
version = 3

[[package]]
name = "money-manager-adapter"
version = "1.0.0"

[[package]]
name = "money-manager-app"
version = "1.0.0"

[[package]]
name = "money-manager-domain"
version = "1.0.0"

[[package]]
name = "money-manager-driver"
version = "1.0.0"
